
Microsoft Visual Studio Solution File, Format Version 12.00
# Visual Studio Version 17
VisualStudioVersion = 17.12.35527.113 d17.12
MinimumVisualStudioVersion = 10.0.40219.1
Project("{FAE04EC0-301F-11D3-BF4B-00C04F79EFBC}") = "MathGame", "MathGame.csproj", "{E018FD69-8B5B-4ED1-9C8A-F7859390726B}"
EndProject
Global
	GlobalSection(SolutionConfigurationPlatforms) = preSolution
		Debug|Any CPU = Debug|Any CPU
		Release|Any CPU = Release|Any CPU
	EndGlobalSection
	GlobalSection(ProjectConfigurationPlatforms) = postSolution
		{E018FD69-8B5B-4ED1-9C8A-F7859390726B}.Debug|Any CPU.ActiveCfg = Debug|Any CPU
		{E018FD69-8B5B-4ED1-9C8A-F7859390726B}.Debug|Any CPU.Build.0 = Debug|Any CPU
		{E018FD69-8B5B-4ED1-9C8A-F7859390726B}.Release|Any CPU.ActiveCfg = Release|Any CPU
		{E018FD69-8B5B-4ED1-9C8A-F7859390726B}.Release|Any CPU.Build.0 = Release|Any CPU
	EndGlobalSection
	GlobalSection(SolutionProperties) = preSolution
		HideSolutionNode = FALSE
	EndGlobalSection
EndGlobal
